
Microsoft Visual Studio Solution File, Format Version 12.00
Project("{FAE04EC0-301F-11D3-BF4B-00C04F79EFBC}") = "MainApp", "MainApp\MainApp.csproj", "{EB1A8540-7095-42C5-BEB1-75F15D39CBF0}"
EndProject
Project("{FAE04EC0-301F-11D3-BF4B-00C04F79EFBC}") = "BuildingBlocks", "BuildingBlocks\BuildingBlocks.csproj", "{ED2210AC-5256-4EFB-A8F1-D0FD39DF1B0F}"
EndProject
Global
	GlobalSection(SolutionConfigurationPlatforms) = preSolution
		Debug|Any CPU = Debug|Any CPU
		Release|Any CPU = Release|Any CPU
	EndGlobalSection
	GlobalSection(ProjectConfigurationPlatforms) = postSolution
		{EB1A8540-7095-42C5-BEB1-75F15D39CBF0}.Debug|Any CPU.ActiveCfg = Debug|Any CPU
		{EB1A8540-7095-42C5-BEB1-75F15D39CBF0}.Debug|Any CPU.Build.0 = Debug|Any CPU
		{EB1A8540-7095-42C5-BEB1-75F15D39CBF0}.Release|Any CPU.ActiveCfg = Release|Any CPU
		{EB1A8540-7095-42C5-BEB1-75F15D39CBF0}.Release|Any CPU.Build.0 = Release|Any CPU
		{ED2210AC-5256-4EFB-A8F1-D0FD39DF1B0F}.Debug|Any CPU.ActiveCfg = Debug|Any CPU
		{ED2210AC-5256-4EFB-A8F1-D0FD39DF1B0F}.Debug|Any CPU.Build.0 = Debug|Any CPU
		{ED2210AC-5256-4EFB-A8F1-D0FD39DF1B0F}.Release|Any CPU.ActiveCfg = Release|Any CPU
		{ED2210AC-5256-4EFB-A8F1-D0FD39DF1B0F}.Release|Any CPU.Build.0 = Release|Any CPU
	EndGlobalSection
EndGlobal
